// !$*UTF8*$!
{
	archiveVersion = 1;
	classes = {
	};
	objectVersion = 46;
	objects = {

/* Begin PBXBuildFile section */
		65C7A4001EC41B490052C399 /* AppDelegate.swift in Sources */ = {isa = PBXBuildFile; fileRef = 65C7A3FF1EC41B490052C399 /* AppDelegate.swift */; };
		65C7A4021EC41B490052C399 /* ViewController.swift in Sources */ = {isa = PBXBuildFile; fileRef = 65C7A4011EC41B490052C399 /* ViewController.swift */; };
		65C7A4051EC41B490052C399 /* Main.storyboard in Resources */ = {isa = PBXBuildFile; fileRef = 65C7A4031EC41B490052C399 /* Main.storyboard */; };
		65C7A4081EC41B490052C399 /* ZNotificationMessageHUDDemo.xcdatamodeld in Sources */ = {isa = PBXBuildFile; fileRef = 65C7A4061EC41B490052C399 /* ZNotificationMessageHUDDemo.xcdatamodeld */; };
		65C7A40A1EC41B490052C399 /* Assets.xcassets in Resources */ = {isa = PBXBuildFile; fileRef = 65C7A4091EC41B490052C399 /* Assets.xcassets */; };
		65C7A40D1EC41B490052C399 /* LaunchScreen.storyboard in Resources */ = {isa = PBXBuildFile; fileRef = 65C7A40B1EC41B490052C399 /* LaunchScreen.storyboard */; };
		65C7A4181EC41B490052C399 /* ZNotificationMessageHUDDemoTests.swift in Sources */ = {isa = PBXBuildFile; fileRef = 65C7A4171EC41B490052C399 /* ZNotificationMessageHUDDemoTests.swift */; };
		65C7A4231EC41B490052C399 /* ZNotificationMessageHUDDemoUITests.swift in Sources */ = {isa = PBXBuildFile; fileRef = 65C7A4221EC41B490052C399 /* ZNotificationMessageHUDDemoUITests.swift */; };
		65C7A4321EC41BB60052C399 /* ZNotificationMessageHUD.swift in Sources */ = {isa = PBXBuildFile; fileRef = 65C7A4311EC41BB60052C399 /* ZNotificationMessageHUD.swift */; };
/* End PBXBuildFile section */

/* Begin PBXContainerItemProxy section */
		65C7A4141EC41B490052C399 /* PBXContainerItemProxy */ = {
			isa = PBXContainerItemProxy;
			containerPortal = 65C7A3F41EC41B490052C399 /* Project object */;
			proxyType = 1;
			remoteGlobalIDString = 65C7A3FB1EC41B490052C399;
			remoteInfo = ZNotificationMessageHUDDemo;
		};
		65C7A41F1EC41B490052C399 /* PBXContainerItemProxy */ = {
			isa = PBXContainerItemProxy;
			containerPortal = 65C7A3F41EC41B490052C399 /* Project object */;
			proxyType = 1;
			remoteGlobalIDString = 65C7A3FB1EC41B490052C399;
			remoteInfo = ZNotificationMessageHUDDemo;
		};
/* End PBXContainerItemProxy section */

/* Begin PBXFileReference section */
		65C7A3FC1EC41B490052C399 /* ZNotificationMessageHUDDemo.app */ = {isa = PBXFileReference; explicitFileType = wrapper.application; includeInIndex = 0; path = ZNotificationMessageHUDDemo.app; sourceTree = BUILT_PRODUCTS_DIR; };
		65C7A3FF1EC41B490052C399 /* AppDelegate.swift */ = {isa = PBXFileReference; lastKnownFileType = sourcecode.swift; path = AppDelegate.swift; sourceTree = "<group>"; };
		65C7A4011EC41B490052C399 /* ViewController.swift */ = {isa = PBXFileReference; lastKnownFileType = sourcecode.swift; path = ViewController.swift; sourceTree = "<group>"; };
		65C7A4041EC41B490052C399 /* Base */ = {isa = PBXFileReference; lastKnownFileType = file.storyboard; name = Base; path = Base.lproj/Main.storyboard; sourceTree = "<group>"; };
		65C7A4071EC41B490052C399 /* ZNotificationMessageHUDDemo.xcdatamodel */ = {isa = PBXFileReference; lastKnownFileType = wrapper.xcdatamodel; path = ZNotificationMessageHUDDemo.xcdatamodel; sourceTree = "<group>"; };
		65C7A4091EC41B490052C399 /* Assets.xcassets */ = {isa = PBXFileReference; lastKnownFileType = folder.assetcatalog; path = Assets.xcassets; sourceTree = "<group>"; };
		65C7A40C1EC41B490052C399 /* Base */ = {isa = PBXFileReference; lastKnownFileType = file.storyboard; name = Base; path = Base.lproj/LaunchScreen.storyboard; sourceTree = "<group>"; };
		65C7A40E1EC41B490052C399 /* Info.plist */ = {isa = PBXFileReference; lastKnownFileType = text.plist.xml; path = Info.plist; sourceTree = "<group>"; };
		65C7A4131EC41B490052C399 /* ZNotificationMessageHUDDemoTests.xctest */ = {isa = PBXFileReference; explicitFileType = wrapper.cfbundle; includeInIndex = 0; path = ZNotificationMessageHUDDemoTests.xctest; sourceTree = BUILT_PRODUCTS_DIR; };
		65C7A4171EC41B490052C399 /* ZNotificationMessageHUDDemoTests.swift */ = {isa = PBXFileReference; lastKnownFileType = sourcecode.swift; path = ZNotificationMessageHUDDemoTests.swift; sourceTree = "<group>"; };
		65C7A4191EC41B490052C399 /* Info.plist */ = {isa = PBXFileReference; lastKnownFileType = text.plist.xml; path = Info.plist; sourceTree = "<group>"; };
		65C7A41E1EC41B490052C399 /* ZNotificationMessageHUDDemoUITests.xctest */ = {isa = PBXFileReference; explicitFileType = wrapper.cfbundle; includeInIndex = 0; path = ZNotificationMessageHUDDemoUITests.xctest; sourceTree = BUILT_PRODUCTS_DIR; };
		65C7A4221EC41B490052C399 /* ZNotificationMessageHUDDemoUITests.swift */ = {isa = PBXFileReference; lastKnownFileType = sourcecode.swift; path = ZNotificationMessageHUDDemoUITests.swift; sourceTree = "<group>"; };
		65C7A4241EC41B490052C399 /* Info.plist */ = {isa = PBXFileReference; lastKnownFileType = text.plist.xml; path = Info.plist; sourceTree = "<group>"; };
		65C7A4311EC41BB60052C399 /* ZNotificationMessageHUD.swift */ = {isa = PBXFileReference; fileEncoding = 4; lastKnownFileType = sourcecode.swift; path = ZNotificationMessageHUD.swift; sourceTree = "<group>"; };
/* End PBXFileReference section */

/* Begin PBXFrameworksBuildPhase section */
		65C7A3F91EC41B490052C399 /* Frameworks */ = {
			isa = PBXFrameworksBuildPhase;
			buildActionMask = 2147483647;
			files = (
			);
			runOnlyForDeploymentPostprocessing = 0;
		};
		65C7A4101EC41B490052C399 /* Frameworks */ = {
			isa = PBXFrameworksBuildPhase;
			buildActionMask = 2147483647;
			files = (
			);
			runOnlyForDeploymentPostprocessing = 0;
		};
		65C7A41B1EC41B490052C399 /* Frameworks */ = {
			isa = PBXFrameworksBuildPhase;
			buildActionMask = 2147483647;
			files = (
			);
			runOnlyForDeploymentPostprocessing = 0;
		};
/* End PBXFrameworksBuildPhase section */

/* Begin PBXGroup section */
		65C7A3F31EC41B490052C399 = {
			isa = PBXGroup;
			children = (
				65C7A3FD1EC41B490052C399 /* Products */,
				65C7A4301EC41BB60052C399 /* ZNotificationMessageHUD */,
				65C7A3FE1EC41B490052C399 /* ZNotificationMessageHUDDemo */,
				65C7A4161EC41B490052C399 /* ZNotificationMessageHUDDemoTests */,
				65C7A4211EC41B490052C399 /* ZNotificationMessageHUDDemoUITests */,
			);
			sourceTree = "<group>";
		};
		65C7A3FD1EC41B490052C399 /* Products */ = {
			isa = PBXGroup;
			children = (
				65C7A3FC1EC41B490052C399 /* ZNotificationMessageHUDDemo.app */,
				65C7A4131EC41B490052C399 /* ZNotificationMessageHUDDemoTests.xctest */,
				65C7A41E1EC41B490052C399 /* ZNotificationMessageHUDDemoUITests.xctest */,
			);
			name = Products;
			sourceTree = "<group>";
		};
		65C7A3FE1EC41B490052C399 /* ZNotificationMessageHUDDemo */ = {
			isa = PBXGroup;
			children = (
				65C7A3FF1EC41B490052C399 /* AppDelegate.swift */,
				65C7A4091EC41B490052C399 /* Assets.xcassets */,
				65C7A40E1EC41B490052C399 /* Info.plist */,
				65C7A40B1EC41B490052C399 /* LaunchScreen.storyboard */,
				65C7A4031EC41B490052C399 /* Main.storyboard */,
				65C7A4011EC41B490052C399 /* ViewController.swift */,
				65C7A4061EC41B490052C399 /* ZNotificationMessageHUDDemo.xcdatamodeld */,
			);
			path = ZNotificationMessageHUDDemo;
			sourceTree = "<group>";
		};
		65C7A4161EC41B490052C399 /* ZNotificationMessageHUDDemoTests */ = {
			isa = PBXGroup;
			children = (
				65C7A4171EC41B490052C399 /* ZNotificationMessageHUDDemoTests.swift */,
				65C7A4191EC41B490052C399 /* Info.plist */,
			);
			path = ZNotificationMessageHUDDemoTests;
			sourceTree = "<group>";
		};
		65C7A4211EC41B490052C399 /* ZNotificationMessageHUDDemoUITests */ = {
			isa = PBXGroup;
			children = (
				65C7A4221EC41B490052C399 /* ZNotificationMessageHUDDemoUITests.swift */,
				65C7A4241EC41B490052C399 /* Info.plist */,
			);
			path = ZNotificationMessageHUDDemoUITests;
			sourceTree = "<group>";
		};
		65C7A4301EC41BB60052C399 /* ZNotificationMessageHUD */ = {
			isa = PBXGroup;
			children = (
				65C7A4311EC41BB60052C399 /* ZNotificationMessageHUD.swift */,
			);
			name = ZNotificationMessageHUD;
			path = ../ZNotificationMessageHUD;
			sourceTree = "<group>";
		};
/* End PBXGroup section */

/* Begin PBXNativeTarget section */
		65C7A3FB1EC41B490052C399 /* ZNotificationMessageHUDDemo */ = {
			isa = PBXNativeTarget;
			buildConfigurationList = 65C7A4271EC41B490052C399 /* Build configuration list for PBXNativeTarget "ZNotificationMessageHUDDemo" */;
			buildPhases = (
				65C7A3F81EC41B490052C399 /* Sources */,
				65C7A3F91EC41B490052C399 /* Frameworks */,
				65C7A3FA1EC41B490052C399 /* Resources */,
			);
			buildRules = (
			);
			dependencies = (
			);
			name = ZNotificationMessageHUDDemo;
			productName = ZNotificationMessageHUDDemo;
			productReference = 65C7A3FC1EC41B490052C399 /* ZNotificationMessageHUDDemo.app */;
			productType = "com.apple.product-type.application";
		};
		65C7A4121EC41B490052C399 /* ZNotificationMessageHUDDemoTests */ = {
			isa = PBXNativeTarget;
			buildConfigurationList = 65C7A42A1EC41B490052C399 /* Build configuration list for PBXNativeTarget "ZNotificationMessageHUDDemoTests" */;
			buildPhases = (
				65C7A40F1EC41B490052C399 /* Sources */,
				65C7A4101EC41B490052C399 /* Frameworks */,
				65C7A4111EC41B490052C399 /* Resources */,
			);
			buildRules = (
			);
			dependencies = (
				65C7A4151EC41B490052C399 /* PBXTargetDependency */,
			);
			name = ZNotificationMessageHUDDemoTests;
			productName = ZNotificationMessageHUDDemoTests;
			productReference = 65C7A4131EC41B490052C399 /* ZNotificationMessageHUDDemoTests.xctest */;
			productType = "com.apple.product-type.bundle.unit-test";
		};
		65C7A41D1EC41B490052C399 /* ZNotificationMessageHUDDemoUITests */ = {
			isa = PBXNativeTarget;
			buildConfigurationList = 65C7A42D1EC41B490052C399 /* Build configuration list for PBXNativeTarget "ZNotificationMessageHUDDemoUITests" */;
			buildPhases = (
				65C7A41A1EC41B490052C399 /* Sources */,
				65C7A41B1EC41B490052C399 /* Frameworks */,
				65C7A41C1EC41B490052C399 /* Resources */,
			);
			buildRules = (
			);
			dependencies = (
				65C7A4201EC41B490052C399 /* PBXTargetDependency */,
			);
			name = ZNotificationMessageHUDDemoUITests;
			productName = ZNotificationMessageHUDDemoUITests;
			productReference = 65C7A41E1EC41B490052C399 /* ZNotificationMessageHUDDemoUITests.xctest */;
			productType = "com.apple.product-type.bundle.ui-testing";
		};
/* End PBXNativeTarget section */

/* Begin PBXProject section */
		65C7A3F41EC41B490052C399 /* Project object */ = {
			isa = PBXProject;
			attributes = {
				LastSwiftUpdateCheck = 0830;
				LastUpgradeCheck = 0830;
				ORGANIZATIONNAME = Z;
				TargetAttributes = {
					65C7A3FB1EC41B490052C399 = {
						CreatedOnToolsVersion = 8.3.2;
						ProvisioningStyle = Automatic;
					};
					65C7A4121EC41B490052C399 = {
						CreatedOnToolsVersion = 8.3.2;
						ProvisioningStyle = Automatic;
						TestTargetID = 65C7A3FB1EC41B490052C399;
					};
					65C7A41D1EC41B490052C399 = {
						CreatedOnToolsVersion = 8.3.2;
						ProvisioningStyle = Automatic;
						TestTargetID = 65C7A3FB1EC41B490052C399;
					};
				};
			};
			buildConfigurationList = 65C7A3F71EC41B490052C399 /* Build configuration list for PBXProject "ZNotificationMessageHUDDemo" */;
			compatibilityVersion = "Xcode 3.2";
			developmentRegion = English;
			hasScannedForEncodings = 0;
			knownRegions = (
				en,
				Base,
			);
			mainGroup = 65C7A3F31EC41B490052C399;
			productRefGroup = 65C7A3FD1EC41B490052C399 /* Products */;
			projectDirPath = "";
			projectRoot = "";
			targets = (
				65C7A3FB1EC41B490052C399 /* ZNotificationMessageHUDDemo */,
				65C7A4121EC41B490052C399 /* ZNotificationMessageHUDDemoTests */,
				65C7A41D1EC41B490052C399 /* ZNotificationMessageHUDDemoUITests */,
			);
		};
/* End PBXProject section */

/* Begin PBXResourcesBuildPhase section */
		65C7A3FA1EC41B490052C399 /* Resources */ = {
			isa = PBXResourcesBuildPhase;
			buildActionMask = 2147483647;
			files = (
				65C7A40D1EC41B490052C399 /* LaunchScreen.storyboard in Resources */,
				65C7A40A1EC41B490052C399 /* Assets.xcassets in Resources */,
				65C7A4051EC41B490052C399 /* Main.storyboard in Resources */,
			);
			runOnlyForDeploymentPostprocessing = 0;
		};
		65C7A4111EC41B490052C399 /* Resources */ = {
			isa = PBXResourcesBuildPhase;
			buildActionMask = 2147483647;
			files = (
			);
			runOnlyForDeploymentPostprocessing = 0;
		};
		65C7A41C1EC41B490052C399 /* Resources */ = {
			isa = PBXResourcesBuildPhase;
			buildActionMask = 2147483647;
			files = (
			);
			runOnlyForDeploymentPostprocessing = 0;
		};
/* End PBXResourcesBuildPhase section */

/* Begin PBXSourcesBuildPhase section */
		65C7A3F81EC41B490052C399 /* Sources */ = {
			isa = PBXSourcesBuildPhase;
			buildActionMask = 2147483647;
			files = (
				65C7A4021EC41B490052C399 /* ViewController.swift in Sources */,
				65C7A4001EC41B490052C399 /* AppDelegate.swift in Sources */,
				65C7A4081EC41B490052C399 /* ZNotificationMessageHUDDemo.xcdatamodeld in Sources */,
				65C7A4321EC41BB60052C399 /* ZNotificationMessageHUD.swift in Sources */,
			);
			runOnlyForDeploymentPostprocessing = 0;
		};
		65C7A40F1EC41B490052C399 /* Sources */ = {
			isa = PBXSourcesBuildPhase;
			buildActionMask = 2147483647;
			files = (
				65C7A4181EC41B490052C399 /* ZNotificationMessageHUDDemoTests.swift in Sources */,
			);
			runOnlyForDeploymentPostprocessing = 0;
		};
		65C7A41A1EC41B490052C399 /* Sources */ = {
			isa = PBXSourcesBuildPhase;
			buildActionMask = 2147483647;
			files = (
				65C7A4231EC41B490052C399 /* ZNotificationMessageHUDDemoUITests.swift in Sources */,
			);
			runOnlyForDeploymentPostprocessing = 0;
		};
/* End PBXSourcesBuildPhase section */

/* Begin PBXTargetDependency section */
		65C7A4151EC41B490052C399 /* PBXTargetDependency */ = {
			isa = PBXTargetDependency;
			target = 65C7A3FB1EC41B490052C399 /* ZNotificationMessageHUDDemo */;
			targetProxy = 65C7A4141EC41B490052C399 /* PBXContainerItemProxy */;
		};
		65C7A4201EC41B490052C399 /* PBXTargetDependency */ = {
			isa = PBXTargetDependency;
			target = 65C7A3FB1EC41B490052C399 /* ZNotificationMessageHUDDemo */;
			targetProxy = 65C7A41F1EC41B490052C399 /* PBXContainerItemProxy */;
		};
/* End PBXTargetDependency section */

/* Begin PBXVariantGroup section */
		65C7A4031EC41B490052C399 /* Main.storyboard */ = {
			isa = PBXVariantGroup;
			children = (
				65C7A4041EC41B490052C399 /* Base */,
			);
			name = Main.storyboard;
			sourceTree = "<group>";
		};
		65C7A40B1EC41B490052C399 /* LaunchScreen.storyboard */ = {
			isa = PBXVariantGroup;
			children = (
				65C7A40C1EC41B490052C399 /* Base */,
			);
			name = LaunchScreen.storyboard;
			sourceTree = "<group>";
		};
/* End PBXVariantGroup section */

/* Begin XCBuildConfiguration section */
		65C7A4251EC41B490052C399 /* Debug */ = {
			isa = XCBuildConfiguration;
			buildSettings = {
				ALWAYS_SEARCH_USER_PATHS = NO;
				CLANG_ANALYZER_NONNULL = YES;
				CLANG_ANALYZER_NUMBER_OBJECT_CONVERSION = YES_AGGRESSIVE;
				CLANG_CXX_LANGUAGE_STANDARD = "gnu++0x";
				CLANG_CXX_LIBRARY = "libc++";
				CLANG_ENABLE_MODULES = YES;
				CLANG_ENABLE_OBJC_ARC = YES;
				CLANG_WARN_BOOL_CONVERSION = YES;
				CLANG_WARN_CONSTANT_CONVERSION = YES;
				CLANG_WARN_DIRECT_OBJC_ISA_USAGE = YES_ERROR;
				CLANG_WARN_DOCUMENTATION_COMMENTS = YES;
				CLANG_WARN_EMPTY_BODY = YES;
				CLANG_WARN_ENUM_CONVERSION = YES;
				CLANG_WARN_INFINITE_RECURSION = YES;
				CLANG_WARN_INT_CONVERSION = YES;
				CLANG_WARN_OBJC_ROOT_CLASS = YES_ERROR;
				CLANG_WARN_SUSPICIOUS_MOVE = YES;
				CLANG_WARN_UNREACHABLE_CODE = YES;
				CLANG_WARN__DUPLICATE_METHOD_MATCH = YES;
				"CODE_SIGN_IDENTITY[sdk=iphoneos*]" = "iPhone Developer";
				COPY_PHASE_STRIP = NO;
				DEBUG_INFORMATION_FORMAT = dwarf;
				ENABLE_STRICT_OBJC_MSGSEND = YES;
				ENABLE_TESTABILITY = YES;
				GCC_C_LANGUAGE_STANDARD = gnu99;
				GCC_DYNAMIC_NO_PIC = NO;
				GCC_NO_COMMON_BLOCKS = YES;
				GCC_OPTIMIZATION_LEVEL = 0;
				GCC_PREPROCESSOR_DEFINITIONS = (
					"DEBUG=1",
					"$(inherited)",
				);
				GCC_WARN_64_TO_32_BIT_CONVERSION = YES;
				GCC_WARN_ABOUT_RETURN_TYPE = YES_ERROR;
				GCC_WARN_UNDECLARED_SELECTOR = YES;
				GCC_WARN_UNINITIALIZED_AUTOS = YES_AGGRESSIVE;
				GCC_WARN_UNUSED_FUNCTION = YES;
				GCC_WARN_UNUSED_VARIABLE = YES;
				IPHONEOS_DEPLOYMENT_TARGET = 8.0;
				MTL_ENABLE_DEBUG_INFO = YES;
				ONLY_ACTIVE_ARCH = YES;
				SDKROOT = iphoneos;
				SWIFT_ACTIVE_COMPILATION_CONDITIONS = DEBUG;
				SWIFT_OPTIMIZATION_LEVEL = "-Onone";
				TARGETED_DEVICE_FAMILY = "1,2";
			};
			name = Debug;
		};
		65C7A4261EC41B490052C399 /* Release */ = {
			isa = XCBuildConfiguration;
			buildSettings = {
				ALWAYS_SEARCH_USER_PATHS = NO;
				CLANG_ANALYZER_NONNULL = YES;
				CLANG_ANALYZER_NUMBER_OBJECT_CONVERSION = YES_AGGRESSIVE;
				CLANG_CXX_LANGUAGE_STANDARD = "gnu++0x";
				CLANG_CXX_LIBRARY = "libc++";
				CLANG_ENABLE_MODULES = YES;
				CLANG_ENABLE_OBJC_ARC = YES;
				CLANG_WARN_BOOL_CONVERSION = YES;
				CLANG_WARN_CONSTANT_CONVERSION = YES;
				CLANG_WARN_DIRECT_OBJC_ISA_USAGE = YES_ERROR;
				CLANG_WARN_DOCUMENTATION_COMMENTS = YES;
				CLANG_WARN_EMPTY_BODY = YES;
				CLANG_WARN_ENUM_CONVERSION = YES;
				CLANG_WARN_INFINITE_RECURSION = YES;
				CLANG_WARN_INT_CONVERSION = YES;
				CLANG_WARN_OBJC_ROOT_CLASS = YES_ERROR;
				CLANG_WARN_SUSPICIOUS_MOVE = YES;
				CLANG_WARN_UNREACHABLE_CODE = YES;
				CLANG_WARN__DUPLICATE_METHOD_MATCH = YES;
				"CODE_SIGN_IDENTITY[sdk=iphoneos*]" = "iPhone Developer";
				COPY_PHASE_STRIP = NO;
				DEBUG_INFORMATION_FORMAT = "dwarf-with-dsym";
				ENABLE_NS_ASSERTIONS = NO;
				ENABLE_STRICT_OBJC_MSGSEND = YES;
				GCC_C_LANGUAGE_STANDARD = gnu99;
				GCC_NO_COMMON_BLOCKS = YES;
				GCC_WARN_64_TO_32_BIT_CONVERSION = YES;
				GCC_WARN_ABOUT_RETURN_TYPE = YES_ERROR;
				GCC_WARN_UNDECLARED_SELECTOR = YES;
				GCC_WARN_UNINITIALIZED_AUTOS = YES_AGGRESSIVE;
				GCC_WARN_UNUSED_FUNCTION = YES;
				GCC_WARN_UNUSED_VARIABLE = YES;
				IPHONEOS_DEPLOYMENT_TARGET = 8.0;
				MTL_ENABLE_DEBUG_INFO = NO;
				SDKROOT = iphoneos;
				SWIFT_OPTIMIZATION_LEVEL = "-Owholemodule";
				TARGETED_DEVICE_FAMILY = "1,2";
				VALIDATE_PRODUCT = YES;
			};
			name = Release;
		};
		65C7A4281EC41B490052C399 /* Debug */ = {
			isa = XCBuildConfiguration;
			buildSettings = {
				ASSETCATALOG_COMPILER_APPICON_NAME = AppIcon;
				INFOPLIST_FILE = ZNotificationMessageHUDDemo/Info.plist;
				LD_RUNPATH_SEARCH_PATHS = "$(inherited) @executable_path/Frameworks";
				PRODUCT_BUNDLE_IDENTIFIER = com.daniel.ZNotificationMessageHUDDemo;
				PRODUCT_NAME = "$(TARGET_NAME)";
				SWIFT_VERSION = 3.0;
			};
			name = Debug;
		};
		65C7A4291EC41B490052C399 /* Release */ = {
			isa = XCBuildConfiguration;
			buildSettings = {
				ASSETCATALOG_COMPILER_APPICON_NAME = AppIcon;
				INFOPLIST_FILE = ZNotificationMessageHUDDemo/Info.plist;
				LD_RUNPATH_SEARCH_PATHS = "$(inherited) @executable_path/Frameworks";
				PRODUCT_BUNDLE_IDENTIFIER = com.daniel.ZNotificationMessageHUDDemo;
				PRODUCT_NAME = "$(TARGET_NAME)";
				SWIFT_VERSION = 3.0;
			};
			name = Release;
		};
		65C7A42B1EC41B490052C399 /* Debug */ = {
			isa = XCBuildConfiguration;
			buildSettings = {
				ALWAYS_EMBED_SWIFT_STANDARD_LIBRARIES = YES;
				BUNDLE_LOADER = "$(TEST_HOST)";
				INFOPLIST_FILE = ZNotificationMessageHUDDemoTests/Info.plist;
				LD_RUNPATH_SEARCH_PATHS = "$(inherited) @executable_path/Frameworks @loader_path/Frameworks";
				PRODUCT_BUNDLE_IDENTIFIER = com.daniel.ZNotificationMessageHUDDemoTests;
				PRODUCT_NAME = "$(TARGET_NAME)";
				SWIFT_VERSION = 3.0;
				TEST_HOST = "$(BUILT_PRODUCTS_DIR)/ZNotificationMessageHUDDemo.app/ZNotificationMessageHUDDemo";
			};
			name = Debug;
		};
		65C7A42C1EC41B490052C399 /* Release */ = {
			isa = XCBuildConfiguration;
			buildSettings = {
				ALWAYS_EMBED_SWIFT_STANDARD_LIBRARIES = YES;
				BUNDLE_LOADER = "$(TEST_HOST)";
				INFOPLIST_FILE = ZNotificationMessageHUDDemoTests/Info.plist;
				LD_RUNPATH_SEARCH_PATHS = "$(inherited) @executable_path/Frameworks @loader_path/Frameworks";
				PRODUCT_BUNDLE_IDENTIFIER = com.daniel.ZNotificationMessageHUDDemoTests;
				PRODUCT_NAME = "$(TARGET_NAME)";
				SWIFT_VERSION = 3.0;
				TEST_HOST = "$(BUILT_PRODUCTS_DIR)/ZNotificationMessageHUDDemo.app/ZNotificationMessageHUDDemo";
			};
			name = Release;
		};
		65C7A42E1EC41B490052C399 /* Debug */ = {
			isa = XCBuildConfiguration;
			buildSettings = {
				ALWAYS_EMBED_SWIFT_STANDARD_LIBRARIES = YES;
				INFOPLIST_FILE = ZNotificationMessageHUDDemoUITests/Info.plist;
				LD_RUNPATH_SEARCH_PATHS = "$(inherited) @executable_path/Frameworks @loader_path/Frameworks";
				PRODUCT_BUNDLE_IDENTIFIER = com.daniel.ZNotificationMessageHUDDemoUITests;
				PRODUCT_NAME = "$(TARGET_NAME)";
				SWIFT_VERSION = 3.0;
				TEST_TARGET_NAME = ZNotificationMessageHUDDemo;
			};
			name = Debug;
		};
		65C7A42F1EC41B490052C399 /* Release */ = {
			isa = XCBuildConfiguration;
			buildSettings = {
				ALWAYS_EMBED_SWIFT_STANDARD_LIBRARIES = YES;
				INFOPLIST_FILE = ZNotificationMessageHUDDemoUITests/Info.plist;
				LD_RUNPATH_SEARCH_PATHS = "$(inherited) @executable_path/Frameworks @loader_path/Frameworks";
				PRODUCT_BUNDLE_IDENTIFIER = com.daniel.ZNotificationMessageHUDDemoUITests;
				PRODUCT_NAME = "$(TARGET_NAME)";
				SWIFT_VERSION = 3.0;
				TEST_TARGET_NAME = ZNotificationMessageHUDDemo;
			};
			name = Release;
		};
/* End XCBuildConfiguration section */

/* Begin XCConfigurationList section */
		65C7A3F71EC41B490052C399 /* Build configuration list for PBXProject "ZNotificationMessageHUDDemo" */ = {
			isa = XCConfigurationList;
			buildConfigurations = (
				65C7A4251EC41B490052C399 /* Debug */,
				65C7A4261EC41B490052C399 /* Release */,
			);
			defaultConfigurationIsVisible = 0;
			defaultConfigurationName = Release;
		};
		65C7A4271EC41B490052C399 /* Build configuration list for PBXNativeTarget "ZNotificationMessageHUDDemo" */ = {
			isa = XCConfigurationList;
			buildConfigurations = (
				65C7A4281EC41B490052C399 /* Debug */,
				65C7A4291EC41B490052C399 /* Release */,
			);
			defaultConfigurationIsVisible = 0;
		};
		65C7A42A1EC41B490052C399 /* Build configuration list for PBXNativeTarget "ZNotificationMessageHUDDemoTests" */ = {
			isa = XCConfigurationList;
			buildConfigurations = (
				65C7A42B1EC41B490052C399 /* Debug */,
				65C7A42C1EC41B490052C399 /* Release */,
			);
			defaultConfigurationIsVisible = 0;
		};
		65C7A42D1EC41B490052C399 /* Build configuration list for PBXNativeTarget "ZNotificationMessageHUDDemoUITests" */ = {
			isa = XCConfigurationList;
			buildConfigurations = (
				65C7A42E1EC41B490052C399 /* Debug */,
				65C7A42F1EC41B490052C399 /* Release */,
			);
			defaultConfigurationIsVisible = 0;
		};
/* End XCConfigurationList section */

/* Begin XCVersionGroup section */
		65C7A4061EC41B490052C399 /* ZNotificationMessageHUDDemo.xcdatamodeld */ = {
			isa = XCVersionGroup;
			children = (
				65C7A4071EC41B490052C399 /* ZNotificationMessageHUDDemo.xcdatamodel */,
			);
			currentVersion = 65C7A4071EC41B490052C399 /* ZNotificationMessageHUDDemo.xcdatamodel */;
			path = ZNotificationMessageHUDDemo.xcdatamodeld;
			sourceTree = "<group>";
			versionGroupType = wrapper.xcdatamodel;
		};
/* End XCVersionGroup section */
	};
	rootObject = 65C7A3F41EC41B490052C399 /* Project object */;
}
